
Microsoft Visual Studio Solution File, Format Version 12.00
# Visual Studio Version 17
VisualStudioVersion = 17.10.35122.118
MinimumVisualStudioVersion = 10.0.40219.1
Project("{8BC9CEB8-8B4A-11D0-8D11-00A0C91BC942}") = "Engine", "Engine\Engine.vcxproj", "{FFCA512B-49FC-4FC8-8A73-C4F87D322FF2}"
EndProject
Project("{8BC9CEB8-8B4A-11D0-8D11-00A0C91BC942}") = "PooGame", "PooGame\PooGame.vcxproj", "{5889A36E-8376-492E-A7BF-D085209ADE8A}"
EndProject
Project("{8BC9CEB8-8B4A-11D0-8D11-00A0C91BC942}") = "SnakeGame", "SnakeGame\SnakeGame.vcxproj", "{AD654015-9D8D-40F8-9715-8D4BC21C5925}"
EndProject
Project("{8BC9CEB8-8B4A-11D0-8D11-00A0C91BC942}") = "BrickBreaker", "BrickBreaker\BrickBreaker.vcxproj", "{396446D8-736B-47BB-9423-5AB48D806E5E}"
EndProject
Project("{8BC9CEB8-8B4A-11D0-8D11-00A0C91BC942}") = "Minesweeper", "Minesweeper\Minesweeper.vcxproj", "{FDEFDF47-0689-4332-9851-AE9B40AF2FFD}"
EndProject
Project("{2150E333-8FDC-42A3-9474-1A3956D46DE8}") = "CppExercises", "CppExercises", "{F22B4853-2095-4F47-A363-98379401E7C4}"
EndProject
Project("{8BC9CEB8-8B4A-11D0-8D11-00A0C91BC942}") = "Cstrings", "CppExercises\Cstrings\Cstrings.vcxproj", "{CB5C20AA-016E-461F-AA9E-33620DEC3881}"
EndProject
Project("{8BC9CEB8-8B4A-11D0-8D11-00A0C91BC942}") = "FileIo", "CppExercises\FileIo\FileIo.vcxproj", "{2EE440ED-55D5-4B6E-A514-C5539552D323}"
EndProject
Global
	GlobalSection(SolutionConfigurationPlatforms) = preSolution
		Debug|x64 = Debug|x64
		Debug|x86 = Debug|x86
		Release|x64 = Release|x64
		Release|x86 = Release|x86
	EndGlobalSection
	GlobalSection(ProjectConfigurationPlatforms) = postSolution
		{FFCA512B-49FC-4FC8-8A73-C4F87D322FF2}.Debug|x64.ActiveCfg = Debug|x64
		{FFCA512B-49FC-4FC8-8A73-C4F87D322FF2}.Debug|x64.Build.0 = Debug|x64
		{FFCA512B-49FC-4FC8-8A73-C4F87D322FF2}.Debug|x86.ActiveCfg = Debug|Win32
		{FFCA512B-49FC-4FC8-8A73-C4F87D322FF2}.Debug|x86.Build.0 = Debug|Win32
		{FFCA512B-49FC-4FC8-8A73-C4F87D322FF2}.Release|x64.ActiveCfg = Release|x64
		{FFCA512B-49FC-4FC8-8A73-C4F87D322FF2}.Release|x64.Build.0 = Release|x64
		{FFCA512B-49FC-4FC8-8A73-C4F87D322FF2}.Release|x86.ActiveCfg = Release|Win32
		{FFCA512B-49FC-4FC8-8A73-C4F87D322FF2}.Release|x86.Build.0 = Release|Win32
		{5889A36E-8376-492E-A7BF-D085209ADE8A}.Debug|x64.ActiveCfg = Debug|x64
		{5889A36E-8376-492E-A7BF-D085209ADE8A}.Debug|x64.Build.0 = Debug|x64
		{5889A36E-8376-492E-A7BF-D085209ADE8A}.Debug|x86.ActiveCfg = Debug|Win32
		{5889A36E-8376-492E-A7BF-D085209ADE8A}.Debug|x86.Build.0 = Debug|Win32
		{5889A36E-8376-492E-A7BF-D085209ADE8A}.Release|x64.ActiveCfg = Release|x64
		{5889A36E-8376-492E-A7BF-D085209ADE8A}.Release|x64.Build.0 = Release|x64
		{5889A36E-8376-492E-A7BF-D085209ADE8A}.Release|x86.ActiveCfg = Release|Win32
		{5889A36E-8376-492E-A7BF-D085209ADE8A}.Release|x86.Build.0 = Release|Win32
		{AD654015-9D8D-40F8-9715-8D4BC21C5925}.Debug|x64.ActiveCfg = Debug|x64
		{AD654015-9D8D-40F8-9715-8D4BC21C5925}.Debug|x64.Build.0 = Debug|x64
		{AD654015-9D8D-40F8-9715-8D4BC21C5925}.Debug|x86.ActiveCfg = Debug|Win32
		{AD654015-9D8D-40F8-9715-8D4BC21C5925}.Debug|x86.Build.0 = Debug|Win32
		{AD654015-9D8D-40F8-9715-8D4BC21C5925}.Release|x64.ActiveCfg = Release|x64
		{AD654015-9D8D-40F8-9715-8D4BC21C5925}.Release|x64.Build.0 = Release|x64
		{AD654015-9D8D-40F8-9715-8D4BC21C5925}.Release|x86.ActiveCfg = Release|Win32
		{AD654015-9D8D-40F8-9715-8D4BC21C5925}.Release|x86.Build.0 = Release|Win32
		{396446D8-736B-47BB-9423-5AB48D806E5E}.Debug|x64.ActiveCfg = Debug|x64
		{396446D8-736B-47BB-9423-5AB48D806E5E}.Debug|x64.Build.0 = Debug|x64
		{396446D8-736B-47BB-9423-5AB48D806E5E}.Debug|x86.ActiveCfg = Debug|Win32
		{396446D8-736B-47BB-9423-5AB48D806E5E}.Debug|x86.Build.0 = Debug|Win32
		{396446D8-736B-47BB-9423-5AB48D806E5E}.Release|x64.ActiveCfg = Release|x64
		{396446D8-736B-47BB-9423-5AB48D806E5E}.Release|x64.Build.0 = Release|x64
		{396446D8-736B-47BB-9423-5AB48D806E5E}.Release|x86.ActiveCfg = Release|Win32
		{396446D8-736B-47BB-9423-5AB48D806E5E}.Release|x86.Build.0 = Release|Win32
		{FDEFDF47-0689-4332-9851-AE9B40AF2FFD}.Debug|x64.ActiveCfg = Debug|x64
		{FDEFDF47-0689-4332-9851-AE9B40AF2FFD}.Debug|x64.Build.0 = Debug|x64
		{FDEFDF47-0689-4332-9851-AE9B40AF2FFD}.Debug|x86.ActiveCfg = Debug|Win32
		{FDEFDF47-0689-4332-9851-AE9B40AF2FFD}.Debug|x86.Build.0 = Debug|Win32
		{FDEFDF47-0689-4332-9851-AE9B40AF2FFD}.Release|x64.ActiveCfg = Release|x64
		{FDEFDF47-0689-4332-9851-AE9B40AF2FFD}.Release|x64.Build.0 = Release|x64
		{FDEFDF47-0689-4332-9851-AE9B40AF2FFD}.Release|x86.ActiveCfg = Release|Win32
		{FDEFDF47-0689-4332-9851-AE9B40AF2FFD}.Release|x86.Build.0 = Release|Win32
		{CB5C20AA-016E-461F-AA9E-33620DEC3881}.Debug|x64.ActiveCfg = Debug|x64
		{CB5C20AA-016E-461F-AA9E-33620DEC3881}.Debug|x64.Build.0 = Debug|x64
		{CB5C20AA-016E-461F-AA9E-33620DEC3881}.Debug|x86.ActiveCfg = Debug|Win32
		{CB5C20AA-016E-461F-AA9E-33620DEC3881}.Debug|x86.Build.0 = Debug|Win32
		{CB5C20AA-016E-461F-AA9E-33620DEC3881}.Release|x64.ActiveCfg = Release|x64
		{CB5C20AA-016E-461F-AA9E-33620DEC3881}.Release|x64.Build.0 = Release|x64
		{CB5C20AA-016E-461F-AA9E-33620DEC3881}.Release|x86.ActiveCfg = Release|Win32
		{CB5C20AA-016E-461F-AA9E-33620DEC3881}.Release|x86.Build.0 = Release|Win32
		{2EE440ED-55D5-4B6E-A514-C5539552D323}.Debug|x64.ActiveCfg = Debug|x64
		{2EE440ED-55D5-4B6E-A514-C5539552D323}.Debug|x64.Build.0 = Debug|x64
		{2EE440ED-55D5-4B6E-A514-C5539552D323}.Debug|x86.ActiveCfg = Debug|Win32
		{2EE440ED-55D5-4B6E-A514-C5539552D323}.Debug|x86.Build.0 = Debug|Win32
		{2EE440ED-55D5-4B6E-A514-C5539552D323}.Release|x64.ActiveCfg = Release|x64
		{2EE440ED-55D5-4B6E-A514-C5539552D323}.Release|x64.Build.0 = Release|x64
		{2EE440ED-55D5-4B6E-A514-C5539552D323}.Release|x86.ActiveCfg = Release|Win32
		{2EE440ED-55D5-4B6E-A514-C5539552D323}.Release|x86.Build.0 = Release|Win32
	EndGlobalSection
	GlobalSection(SolutionProperties) = preSolution
		HideSolutionNode = FALSE
	EndGlobalSection
	GlobalSection(NestedProjects) = preSolution
		{CB5C20AA-016E-461F-AA9E-33620DEC3881} = {F22B4853-2095-4F47-A363-98379401E7C4}
		{2EE440ED-55D5-4B6E-A514-C5539552D323} = {F22B4853-2095-4F47-A363-98379401E7C4}
	EndGlobalSection
	GlobalSection(ExtensibilityGlobals) = postSolution
		SolutionGuid = {0D745689-C27C-405B-B710-B15B3F01DDB8}
	EndGlobalSection
EndGlobal
